// !$*UTF8*$!
{
	archiveVersion = 1;
	classes = {
	};
	objectVersion = 46;
	objects = {

/* Begin PBXBuildFile section */
		E9B54A941A5AC6FF007A20A0 /* main.m in Sources */ = {isa = PBXBuildFile; fileRef = E9B54A931A5AC6FF007A20A0 /* main.m */; };
		E9B54A971A5AC6FF007A20A0 /* AppDelegate.m in Sources */ = {isa = PBXBuildFile; fileRef = E9B54A961A5AC6FF007A20A0 /* AppDelegate.m */; };
		E9B54A9A1A5AC6FF007A20A0 /* ViewController.m in Sources */ = {isa = PBXBuildFile; fileRef = E9B54A991A5AC6FF007A20A0 /* ViewController.m */; };
		E9B54A9D1A5AC6FF007A20A0 /* Main.storyboard in Resources */ = {isa = PBXBuildFile; fileRef = E9B54A9B1A5AC6FF007A20A0 /* Main.storyboard */; };
		E9B54A9F1A5AC6FF007A20A0 /* Images.xcassets in Resources */ = {isa = PBXBuildFile; fileRef = E9B54A9E1A5AC6FF007A20A0 /* Images.xcassets */; };
		E9B54AA21A5AC6FF007A20A0 /* LaunchScreen.xib in Resources */ = {isa = PBXBuildFile; fileRef = E9B54AA01A5AC6FF007A20A0 /* LaunchScreen.xib */; };
		E9B54AAE1A5AC700007A20A0 /* TabSample2Tests.m in Sources */ = {isa = PBXBuildFile; fileRef = E9B54AAD1A5AC700007A20A0 /* TabSample2Tests.m */; };
		E9B54AEF1A5AC9BC007A20A0 /* homeTableViewCell.m in Sources */ = {isa = PBXBuildFile; fileRef = E9B54ADA1A5AC9BC007A20A0 /* homeTableViewCell.m */; };
		E9B54AF01A5AC9BC007A20A0 /* homeTableViewController.m in Sources */ = {isa = PBXBuildFile; fileRef = E9B54ADC1A5AC9BC007A20A0 /* homeTableViewController.m */; };
		E9B54AF11A5AC9BC007A20A0 /* officalWebViewController.m in Sources */ = {isa = PBXBuildFile; fileRef = E9B54ADF1A5AC9BC007A20A0 /* officalWebViewController.m */; };
		E9B54AF21A5AC9BC007A20A0 /* rankingTableViewCell.m in Sources */ = {isa = PBXBuildFile; fileRef = E9B54AE21A5AC9BC007A20A0 /* rankingTableViewCell.m */; };
		E9B54AF31A5AC9BC007A20A0 /* rankingTableViewController.m in Sources */ = {isa = PBXBuildFile; fileRef = E9B54AE41A5AC9BC007A20A0 /* rankingTableViewController.m */; };
		E9B54AF41A5AC9BC007A20A0 /* searchTableViewCell.m in Sources */ = {isa = PBXBuildFile; fileRef = E9B54AE71A5AC9BC007A20A0 /* searchTableViewCell.m */; };
		E9B54AF51A5AC9BC007A20A0 /* searchTableViewController.m in Sources */ = {isa = PBXBuildFile; fileRef = E9B54AE91A5AC9BC007A20A0 /* searchTableViewController.m */; };
		E9B54AF61A5AC9BC007A20A0 /* settingTableViewCell.m in Sources */ = {isa = PBXBuildFile; fileRef = E9B54AEC1A5AC9BC007A20A0 /* settingTableViewCell.m */; };
		E9B54AF71A5AC9BC007A20A0 /* settingViewController.m in Sources */ = {isa = PBXBuildFile; fileRef = E9B54AEE1A5AC9BC007A20A0 /* settingViewController.m */; };
		E9B54AFB1A5ACBDE007A20A0 /* Item.m in Sources */ = {isa = PBXBuildFile; fileRef = E9B54AFA1A5ACBDE007A20A0 /* Item.m */; };
		E9B54AFE1A5ACBF1007A20A0 /* webViewController.m in Sources */ = {isa = PBXBuildFile; fileRef = E9B54AFD1A5ACBF1007A20A0 /* webViewController.m */; };
		E9B54B021A5ACC00007A20A0 /* callClass.m in Sources */ = {isa = PBXBuildFile; fileRef = E9B54B011A5ACC00007A20A0 /* callClass.m */; };
		E9B54B061A5ACC61007A20A0 /* XMLReader.m in Sources */ = {isa = PBXBuildFile; fileRef = E9B54B051A5ACC61007A20A0 /* XMLReader.m */; };
		E9B54B0C1A5ACEBF007A20A0 /* TabHeaderButton.m in Sources */ = {isa = PBXBuildFile; fileRef = E9B54B091A5ACEBF007A20A0 /* TabHeaderButton.m */; };
		E9B54B0D1A5ACEBF007A20A0 /* TabHeaderView.m in Sources */ = {isa = PBXBuildFile; fileRef = E9B54B0B1A5ACEBF007A20A0 /* TabHeaderView.m */; };
		E9B54B111A5AD1DA007A20A0 /* SwipeView.m in Sources */ = {isa = PBXBuildFile; fileRef = E9B54B101A5AD1DA007A20A0 /* SwipeView.m */; };
		E9B54B151A5B9583007A20A0 /* koryakuWebViewController.m in Sources */ = {isa = PBXBuildFile; fileRef = E9B54B141A5B9583007A20A0 /* koryakuWebViewController.m */; };
/* End PBXBuildFile section */

/* Begin PBXContainerItemProxy section */
		E9B54AA81A5AC700007A20A0 /* PBXContainerItemProxy */ = {
			isa = PBXContainerItemProxy;
			containerPortal = E9B54A861A5AC6FF007A20A0 /* Project object */;
			proxyType = 1;
			remoteGlobalIDString = E9B54A8D1A5AC6FF007A20A0;
			remoteInfo = TabSample2;
		};
/* End PBXContainerItemProxy section */

/* Begin PBXFileReference section */
		E9B54A8E1A5AC6FF007A20A0 /* TabSample2.app */ = {isa = PBXFileReference; explicitFileType = wrapper.application; includeInIndex = 0; path = TabSample2.app; sourceTree = BUILT_PRODUCTS_DIR; };
		E9B54A921A5AC6FF007A20A0 /* Info.plist */ = {isa = PBXFileReference; lastKnownFileType = text.plist.xml; path = Info.plist; sourceTree = "<group>"; };
		E9B54A931A5AC6FF007A20A0 /* main.m */ = {isa = PBXFileReference; lastKnownFileType = sourcecode.c.objc; path = main.m; sourceTree = "<group>"; };
		E9B54A951A5AC6FF007A20A0 /* AppDelegate.h */ = {isa = PBXFileReference; lastKnownFileType = sourcecode.c.h; path = AppDelegate.h; sourceTree = "<group>"; };
		E9B54A961A5AC6FF007A20A0 /* AppDelegate.m */ = {isa = PBXFileReference; lastKnownFileType = sourcecode.c.objc; path = AppDelegate.m; sourceTree = "<group>"; };
		E9B54A981A5AC6FF007A20A0 /* ViewController.h */ = {isa = PBXFileReference; lastKnownFileType = sourcecode.c.h; path = ViewController.h; sourceTree = "<group>"; };
		E9B54A991A5AC6FF007A20A0 /* ViewController.m */ = {isa = PBXFileReference; lastKnownFileType = sourcecode.c.objc; path = ViewController.m; sourceTree = "<group>"; };
		E9B54A9C1A5AC6FF007A20A0 /* Base */ = {isa = PBXFileReference; lastKnownFileType = file.storyboard; name = Base; path = Base.lproj/Main.storyboard; sourceTree = "<group>"; };
		E9B54A9E1A5AC6FF007A20A0 /* Images.xcassets */ = {isa = PBXFileReference; lastKnownFileType = folder.assetcatalog; path = Images.xcassets; sourceTree = "<group>"; };
		E9B54AA11A5AC6FF007A20A0 /* Base */ = {isa = PBXFileReference; lastKnownFileType = file.xib; name = Base; path = Base.lproj/LaunchScreen.xib; sourceTree = "<group>"; };
		E9B54AA71A5AC700007A20A0 /* TabSample2Tests.xctest */ = {isa = PBXFileReference; explicitFileType = wrapper.cfbundle; includeInIndex = 0; path = TabSample2Tests.xctest; sourceTree = BUILT_PRODUCTS_DIR; };
		E9B54AAC1A5AC700007A20A0 /* Info.plist */ = {isa = PBXFileReference; lastKnownFileType = text.plist.xml; path = Info.plist; sourceTree = "<group>"; };
		E9B54AAD1A5AC700007A20A0 /* TabSample2Tests.m */ = {isa = PBXFileReference; lastKnownFileType = sourcecode.c.objc; path = TabSample2Tests.m; sourceTree = "<group>"; };
		E9B54AD91A5AC9BC007A20A0 /* homeTableViewCell.h */ = {isa = PBXFileReference; fileEncoding = 4; lastKnownFileType = sourcecode.c.h; path = homeTableViewCell.h; sourceTree = "<group>"; };
		E9B54ADA1A5AC9BC007A20A0 /* homeTableViewCell.m */ = {isa = PBXFileReference; fileEncoding = 4; lastKnownFileType = sourcecode.c.objc; path = homeTableViewCell.m; sourceTree = "<group>"; };
		E9B54ADB1A5AC9BC007A20A0 /* homeTableViewController.h */ = {isa = PBXFileReference; fileEncoding = 4; lastKnownFileType = sourcecode.c.h; path = homeTableViewController.h; sourceTree = "<group>"; };
		E9B54ADC1A5AC9BC007A20A0 /* homeTableViewController.m */ = {isa = PBXFileReference; fileEncoding = 4; lastKnownFileType = sourcecode.c.objc; path = homeTableViewController.m; sourceTree = "<group>"; };
		E9B54ADE1A5AC9BC007A20A0 /* officalWebViewController.h */ = {isa = PBXFileReference; fileEncoding = 4; lastKnownFileType = sourcecode.c.h; path = officalWebViewController.h; sourceTree = "<group>"; };
		E9B54ADF1A5AC9BC007A20A0 /* officalWebViewController.m */ = {isa = PBXFileReference; fileEncoding = 4; lastKnownFileType = sourcecode.c.objc; path = officalWebViewController.m; sourceTree = "<group>"; };
		E9B54AE11A5AC9BC007A20A0 /* rankingTableViewCell.h */ = {isa = PBXFileReference; fileEncoding = 4; lastKnownFileType = sourcecode.c.h; path = rankingTableViewCell.h; sourceTree = "<group>"; };
		E9B54AE21A5AC9BC007A20A0 /* rankingTableViewCell.m */ = {isa = PBXFileReference; fileEncoding = 4; lastKnownFileType = sourcecode.c.objc; path = rankingTableViewCell.m; sourceTree = "<group>"; };
		E9B54AE31A5AC9BC007A20A0 /* rankingTableViewController.h */ = {isa = PBXFileReference; fileEncoding = 4; lastKnownFileType = sourcecode.c.h; path = rankingTableViewController.h; sourceTree = "<group>"; };
		E9B54AE41A5AC9BC007A20A0 /* rankingTableViewController.m */ = {isa = PBXFileReference; fileEncoding = 4; lastKnownFileType = sourcecode.c.objc; path = rankingTableViewController.m; sourceTree = "<group>"; };
		E9B54AE61A5AC9BC007A20A0 /* searchTableViewCell.h */ = {isa = PBXFileReference; fileEncoding = 4; lastKnownFileType = sourcecode.c.h; path = searchTableViewCell.h; sourceTree = "<group>"; };
		E9B54AE71A5AC9BC007A20A0 /* searchTableViewCell.m */ = {isa = PBXFileReference; fileEncoding = 4; lastKnownFileType = sourcecode.c.objc; path = searchTableViewCell.m; sourceTree = "<group>"; };
		E9B54AE81A5AC9BC007A20A0 /* searchTableViewController.h */ = {isa = PBXFileReference; fileEncoding = 4; lastKnownFileType = sourcecode.c.h; path = searchTableViewController.h; sourceTree = "<group>"; };
		E9B54AE91A5AC9BC007A20A0 /* searchTableViewController.m */ = {isa = PBXFileReference; fileEncoding = 4; lastKnownFileType = sourcecode.c.objc; path = searchTableViewController.m; sourceTree = "<group>"; };
		E9B54AEB1A5AC9BC007A20A0 /* settingTableViewCell.h */ = {isa = PBXFileReference; fileEncoding = 4; lastKnownFileType = sourcecode.c.h; path = settingTableViewCell.h; sourceTree = "<group>"; };
		E9B54AEC1A5AC9BC007A20A0 /* settingTableViewCell.m */ = {isa = PBXFileReference; fileEncoding = 4; lastKnownFileType = sourcecode.c.objc; path = settingTableViewCell.m; sourceTree = "<group>"; };
		E9B54AED1A5AC9BC007A20A0 /* settingViewController.h */ = {isa = PBXFileReference; fileEncoding = 4; lastKnownFileType = sourcecode.c.h; path = settingViewController.h; sourceTree = "<group>"; };
		E9B54AEE1A5AC9BC007A20A0 /* settingViewController.m */ = {isa = PBXFileReference; fileEncoding = 4; lastKnownFileType = sourcecode.c.objc; path = settingViewController.m; sourceTree = "<group>"; };
		E9B54AF91A5ACBDE007A20A0 /* Item.h */ = {isa = PBXFileReference; fileEncoding = 4; lastKnownFileType = sourcecode.c.h; path = Item.h; sourceTree = "<group>"; };
		E9B54AFA1A5ACBDE007A20A0 /* Item.m */ = {isa = PBXFileReference; fileEncoding = 4; lastKnownFileType = sourcecode.c.objc; path = Item.m; sourceTree = "<group>"; };
		E9B54AFC1A5ACBF1007A20A0 /* webViewController.h */ = {isa = PBXFileReference; fileEncoding = 4; lastKnownFileType = sourcecode.c.h; path = webViewController.h; sourceTree = "<group>"; };
		E9B54AFD1A5ACBF1007A20A0 /* webViewController.m */ = {isa = PBXFileReference; fileEncoding = 4; lastKnownFileType = sourcecode.c.objc; path = webViewController.m; sourceTree = "<group>"; };
		E9B54B001A5ACC00007A20A0 /* callClass.h */ = {isa = PBXFileReference; fileEncoding = 4; lastKnownFileType = sourcecode.c.h; path = callClass.h; sourceTree = "<group>"; };
		E9B54B011A5ACC00007A20A0 /* callClass.m */ = {isa = PBXFileReference; fileEncoding = 4; lastKnownFileType = sourcecode.c.objc; path = callClass.m; sourceTree = "<group>"; };
		E9B54B041A5ACC61007A20A0 /* XMLReader.h */ = {isa = PBXFileReference; fileEncoding = 4; lastKnownFileType = sourcecode.c.h; path = XMLReader.h; sourceTree = "<group>"; };
		E9B54B051A5ACC61007A20A0 /* XMLReader.m */ = {isa = PBXFileReference; fileEncoding = 4; lastKnownFileType = sourcecode.c.objc; path = XMLReader.m; sourceTree = "<group>"; };
		E9B54B081A5ACEBF007A20A0 /* TabHeaderButton.h */ = {isa = PBXFileReference; fileEncoding = 4; lastKnownFileType = sourcecode.c.h; path = TabHeaderButton.h; sourceTree = "<group>"; };
		E9B54B091A5ACEBF007A20A0 /* TabHeaderButton.m */ = {isa = PBXFileReference; fileEncoding = 4; lastKnownFileType = sourcecode.c.objc; path = TabHeaderButton.m; sourceTree = "<group>"; };
		E9B54B0A1A5ACEBF007A20A0 /* TabHeaderView.h */ = {isa = PBXFileReference; fileEncoding = 4; lastKnownFileType = sourcecode.c.h; path = TabHeaderView.h; sourceTree = "<group>"; };
		E9B54B0B1A5ACEBF007A20A0 /* TabHeaderView.m */ = {isa = PBXFileReference; fileEncoding = 4; lastKnownFileType = sourcecode.c.objc; path = TabHeaderView.m; sourceTree = "<group>"; };
		E9B54B0F1A5AD1DA007A20A0 /* SwipeView.h */ = {isa = PBXFileReference; fileEncoding = 4; lastKnownFileType = sourcecode.c.h; path = SwipeView.h; sourceTree = "<group>"; };
		E9B54B101A5AD1DA007A20A0 /* SwipeView.m */ = {isa = PBXFileReference; fileEncoding = 4; lastKnownFileType = sourcecode.c.objc; path = SwipeView.m; sourceTree = "<group>"; };
		E9B54B131A5B9583007A20A0 /* koryakuWebViewController.h */ = {isa = PBXFileReference; fileEncoding = 4; lastKnownFileType = sourcecode.c.h; path = koryakuWebViewController.h; sourceTree = "<group>"; };
		E9B54B141A5B9583007A20A0 /* koryakuWebViewController.m */ = {isa = PBXFileReference; fileEncoding = 4; lastKnownFileType = sourcecode.c.objc; path = koryakuWebViewController.m; sourceTree = "<group>"; };
/* End PBXFileReference section */

/* Begin PBXFrameworksBuildPhase section */
		E9B54A8B1A5AC6FF007A20A0 /* Frameworks */ = {
			isa = PBXFrameworksBuildPhase;
			buildActionMask = 2147483647;
			files = (
			);
			runOnlyForDeploymentPostprocessing = 0;
		};
		E9B54AA41A5AC700007A20A0 /* Frameworks */ = {
			isa = PBXFrameworksBuildPhase;
			buildActionMask = 2147483647;
			files = (
			);
			runOnlyForDeploymentPostprocessing = 0;
		};
/* End PBXFrameworksBuildPhase section */

/* Begin PBXGroup section */
		E9B54A851A5AC6FF007A20A0 = {
			isa = PBXGroup;
			children = (
				E9B54B031A5ACC61007A20A0 /* XMLReader */,
				E9B54A901A5AC6FF007A20A0 /* TabSample2 */,
				E9B54AAA1A5AC700007A20A0 /* TabSample2Tests */,
				E9B54A8F1A5AC6FF007A20A0 /* Products */,
			);
			sourceTree = "<group>";
		};
		E9B54A8F1A5AC6FF007A20A0 /* Products */ = {
			isa = PBXGroup;
			children = (
				E9B54A8E1A5AC6FF007A20A0 /* TabSample2.app */,
				E9B54AA71A5AC700007A20A0 /* TabSample2Tests.xctest */,
			);
			name = Products;
			sourceTree = "<group>";
		};
		E9B54A901A5AC6FF007A20A0 /* TabSample2 */ = {
			isa = PBXGroup;
			children = (
				E9B54AFF1A5ACC00007A20A0 /* callClass */,
				E9B54AF81A5ACBDE007A20A0 /* Model */,
				E9B54AD71A5AC992007A20A0 /* View */,
				E9B54A951A5AC6FF007A20A0 /* AppDelegate.h */,
				E9B54A961A5AC6FF007A20A0 /* AppDelegate.m */,
				E9B54A9B1A5AC6FF007A20A0 /* Main.storyboard */,
				E9B54A9E1A5AC6FF007A20A0 /* Images.xcassets */,
				E9B54AA01A5AC6FF007A20A0 /* LaunchScreen.xib */,
				E9B54A911A5AC6FF007A20A0 /* Supporting Files */,
			);
			path = TabSample2;
			sourceTree = "<group>";
		};
		E9B54A911A5AC6FF007A20A0 /* Supporting Files */ = {
			isa = PBXGroup;
			children = (
				E9B54A921A5AC6FF007A20A0 /* Info.plist */,
				E9B54A931A5AC6FF007A20A0 /* main.m */,
			);
			name = "Supporting Files";
			sourceTree = "<group>";
		};
		E9B54AAA1A5AC700007A20A0 /* TabSample2Tests */ = {
			isa = PBXGroup;
			children = (
				E9B54AAD1A5AC700007A20A0 /* TabSample2Tests.m */,
				E9B54AAB1A5AC700007A20A0 /* Supporting Files */,
			);
			path = TabSample2Tests;
			sourceTree = "<group>";
		};
		E9B54AAB1A5AC700007A20A0 /* Supporting Files */ = {
			isa = PBXGroup;
			children = (
				E9B54AAC1A5AC700007A20A0 /* Info.plist */,
			);
			name = "Supporting Files";
			sourceTree = "<group>";
		};
		E9B54AD71A5AC992007A20A0 /* View */ = {
			isa = PBXGroup;
			children = (
				E9B54AD81A5AC9BC007A20A0 /* homeTableView */,
				E9B54ADD1A5AC9BC007A20A0 /* officalWebView */,
				E9B54B121A5B90A4007A20A0 /* koryakuWebView */,
				E9B54AE01A5AC9BC007A20A0 /* rankingTableView */,
				E9B54AE51A5AC9BC007A20A0 /* searchTableView */,
				E9B54AEA1A5AC9BC007A20A0 /* settingView */,
				E9B54A981A5AC6FF007A20A0 /* ViewController.h */,
				E9B54A991A5AC6FF007A20A0 /* ViewController.m */,
				E9B54AFC1A5ACBF1007A20A0 /* webViewController.h */,
				E9B54AFD1A5ACBF1007A20A0 /* webViewController.m */,
				E9B54B071A5ACE90007A20A0 /* TabHeaderView */,
				E9B54B0E1A5AD1B0007A20A0 /* SwipeView */,
			);
			path = View;
			sourceTree = "<group>";
		};
		E9B54AD81A5AC9BC007A20A0 /* homeTableView */ = {
			isa = PBXGroup;
			children = (
				E9B54AD91A5AC9BC007A20A0 /* homeTableViewCell.h */,
				E9B54ADA1A5AC9BC007A20A0 /* homeTableViewCell.m */,
				E9B54ADB1A5AC9BC007A20A0 /* homeTableViewController.h */,
				E9B54ADC1A5AC9BC007A20A0 /* homeTableViewController.m */,
			);
			path = homeTableView;
			sourceTree = "<group>";
		};
		E9B54ADD1A5AC9BC007A20A0 /* officalWebView */ = {
			isa = PBXGroup;
			children = (
				E9B54ADE1A5AC9BC007A20A0 /* officalWebViewController.h */,
				E9B54ADF1A5AC9BC007A20A0 /* officalWebViewController.m */,
			);
			path = officalWebView;
			sourceTree = "<group>";
		};
		E9B54AE01A5AC9BC007A20A0 /* rankingTableView */ = {
			isa = PBXGroup;
			children = (
				E9B54AE11A5AC9BC007A20A0 /* rankingTableViewCell.h */,
				E9B54AE21A5AC9BC007A20A0 /* rankingTableViewCell.m */,
				E9B54AE31A5AC9BC007A20A0 /* rankingTableViewController.h */,
				E9B54AE41A5AC9BC007A20A0 /* rankingTableViewController.m */,
			);
			path = rankingTableView;
			sourceTree = "<group>";
		};
		E9B54AE51A5AC9BC007A20A0 /* searchTableView */ = {
			isa = PBXGroup;
			children = (
				E9B54AE61A5AC9BC007A20A0 /* searchTableViewCell.h */,
				E9B54AE71A5AC9BC007A20A0 /* searchTableViewCell.m */,
				E9B54AE81A5AC9BC007A20A0 /* searchTableViewController.h */,
				E9B54AE91A5AC9BC007A20A0 /* searchTableViewController.m */,
			);
			path = searchTableView;
			sourceTree = "<group>";
		};
		E9B54AEA1A5AC9BC007A20A0 /* settingView */ = {
			isa = PBXGroup;
			children = (
				E9B54AEB1A5AC9BC007A20A0 /* settingTableViewCell.h */,
				E9B54AEC1A5AC9BC007A20A0 /* settingTableViewCell.m */,
				E9B54AED1A5AC9BC007A20A0 /* settingViewController.h */,
				E9B54AEE1A5AC9BC007A20A0 /* settingViewController.m */,
			);
			path = settingView;
			sourceTree = "<group>";
		};
		E9B54AF81A5ACBDE007A20A0 /* Model */ = {
			isa = PBXGroup;
			children = (
				E9B54AF91A5ACBDE007A20A0 /* Item.h */,
				E9B54AFA1A5ACBDE007A20A0 /* Item.m */,
			);
			path = Model;
			sourceTree = "<group>";
		};
		E9B54AFF1A5ACC00007A20A0 /* callClass */ = {
			isa = PBXGroup;
			children = (
				E9B54B001A5ACC00007A20A0 /* callClass.h */,
				E9B54B011A5ACC00007A20A0 /* callClass.m */,
			);
			path = callClass;
			sourceTree = "<group>";
		};
		E9B54B031A5ACC61007A20A0 /* XMLReader */ = {
			isa = PBXGroup;
			children = (
				E9B54B041A5ACC61007A20A0 /* XMLReader.h */,
				E9B54B051A5ACC61007A20A0 /* XMLReader.m */,
			);
			path = XMLReader;
			sourceTree = "<group>";
		};
		E9B54B071A5ACE90007A20A0 /* TabHeaderView */ = {
			isa = PBXGroup;
			children = (
				E9B54B081A5ACEBF007A20A0 /* TabHeaderButton.h */,
				E9B54B091A5ACEBF007A20A0 /* TabHeaderButton.m */,
				E9B54B0A1A5ACEBF007A20A0 /* TabHeaderView.h */,
				E9B54B0B1A5ACEBF007A20A0 /* TabHeaderView.m */,
			);
			path = TabHeaderView;
			sourceTree = "<group>";
		};
		E9B54B0E1A5AD1B0007A20A0 /* SwipeView */ = {
			isa = PBXGroup;
			children = (
				E9B54B0F1A5AD1DA007A20A0 /* SwipeView.h */,
				E9B54B101A5AD1DA007A20A0 /* SwipeView.m */,
			);
			path = SwipeView;
			sourceTree = "<group>";
		};
		E9B54B121A5B90A4007A20A0 /* koryakuWebView */ = {
			isa = PBXGroup;
			children = (
				E9B54B131A5B9583007A20A0 /* koryakuWebViewController.h */,
				E9B54B141A5B9583007A20A0 /* koryakuWebViewController.m */,
			);
			path = koryakuWebView;
			sourceTree = "<group>";
		};
/* End PBXGroup section */

/* Begin PBXNativeTarget section */
		E9B54A8D1A5AC6FF007A20A0 /* TabSample2 */ = {
			isa = PBXNativeTarget;
			buildConfigurationList = E9B54AB11A5AC700007A20A0 /* Build configuration list for PBXNativeTarget "TabSample2" */;
			buildPhases = (
				E9B54A8A1A5AC6FF007A20A0 /* Sources */,
				E9B54A8B1A5AC6FF007A20A0 /* Frameworks */,
				E9B54A8C1A5AC6FF007A20A0 /* Resources */,
			);
			buildRules = (
			);
			dependencies = (
			);
			name = TabSample2;
			productName = TabSample2;
			productReference = E9B54A8E1A5AC6FF007A20A0 /* TabSample2.app */;
			productType = "com.apple.product-type.application";
		};
		E9B54AA61A5AC700007A20A0 /* TabSample2Tests */ = {
			isa = PBXNativeTarget;
			buildConfigurationList = E9B54AB41A5AC700007A20A0 /* Build configuration list for PBXNativeTarget "TabSample2Tests" */;
			buildPhases = (
				E9B54AA31A5AC700007A20A0 /* Sources */,
				E9B54AA41A5AC700007A20A0 /* Frameworks */,
				E9B54AA51A5AC700007A20A0 /* Resources */,
			);
			buildRules = (
			);
			dependencies = (
				E9B54AA91A5AC700007A20A0 /* PBXTargetDependency */,
			);
			name = TabSample2Tests;
			productName = TabSample2Tests;
			productReference = E9B54AA71A5AC700007A20A0 /* TabSample2Tests.xctest */;
			productType = "com.apple.product-type.bundle.unit-test";
		};
/* End PBXNativeTarget section */

/* Begin PBXProject section */
		E9B54A861A5AC6FF007A20A0 /* Project object */ = {
			isa = PBXProject;
			attributes = {
				LastUpgradeCheck = 0610;
				ORGANIZATIONNAME = "古澤 伸一";
				TargetAttributes = {
					E9B54A8D1A5AC6FF007A20A0 = {
						CreatedOnToolsVersion = 6.1;
					};
					E9B54AA61A5AC700007A20A0 = {
						CreatedOnToolsVersion = 6.1;
						TestTargetID = E9B54A8D1A5AC6FF007A20A0;
					};
				};
			};
			buildConfigurationList = E9B54A891A5AC6FF007A20A0 /* Build configuration list for PBXProject "TabSample2" */;
			compatibilityVersion = "Xcode 3.2";
			developmentRegion = English;
			hasScannedForEncodings = 0;
			knownRegions = (
				en,
				Base,
			);
			mainGroup = E9B54A851A5AC6FF007A20A0;
			productRefGroup = E9B54A8F1A5AC6FF007A20A0 /* Products */;
			projectDirPath = "";
			projectRoot = "";
			targets = (
				E9B54A8D1A5AC6FF007A20A0 /* TabSample2 */,
				E9B54AA61A5AC700007A20A0 /* TabSample2Tests */,
			);
		};
/* End PBXProject section */

/* Begin PBXResourcesBuildPhase section */
		E9B54A8C1A5AC6FF007A20A0 /* Resources */ = {
			isa = PBXResourcesBuildPhase;
			buildActionMask = 2147483647;
			files = (
				E9B54A9D1A5AC6FF007A20A0 /* Main.storyboard in Resources */,
				E9B54AA21A5AC6FF007A20A0 /* LaunchScreen.xib in Resources */,
				E9B54A9F1A5AC6FF007A20A0 /* Images.xcassets in Resources */,
			);
			runOnlyForDeploymentPostprocessing = 0;
		};
		E9B54AA51A5AC700007A20A0 /* Resources */ = {
			isa = PBXResourcesBuildPhase;
			buildActionMask = 2147483647;
			files = (
			);
			runOnlyForDeploymentPostprocessing = 0;
		};
/* End PBXResourcesBuildPhase section */

/* Begin PBXSourcesBuildPhase section */
		E9B54A8A1A5AC6FF007A20A0 /* Sources */ = {
			isa = PBXSourcesBuildPhase;
			buildActionMask = 2147483647;
			files = (
				E9B54AFB1A5ACBDE007A20A0 /* Item.m in Sources */,
				E9B54AFE1A5ACBF1007A20A0 /* webViewController.m in Sources */,
				E9B54AF31A5AC9BC007A20A0 /* rankingTableViewController.m in Sources */,
				E9B54AF11A5AC9BC007A20A0 /* officalWebViewController.m in Sources */,
				E9B54A9A1A5AC6FF007A20A0 /* ViewController.m in Sources */,
				E9B54A971A5AC6FF007A20A0 /* AppDelegate.m in Sources */,
				E9B54AF01A5AC9BC007A20A0 /* homeTableViewController.m in Sources */,
				E9B54B0D1A5ACEBF007A20A0 /* TabHeaderView.m in Sources */,
				E9B54B151A5B9583007A20A0 /* koryakuWebViewController.m in Sources */,
				E9B54B0C1A5ACEBF007A20A0 /* TabHeaderButton.m in Sources */,
				E9B54AF61A5AC9BC007A20A0 /* settingTableViewCell.m in Sources */,
				E9B54B021A5ACC00007A20A0 /* callClass.m in Sources */,
				E9B54AF51A5AC9BC007A20A0 /* searchTableViewController.m in Sources */,
				E9B54B061A5ACC61007A20A0 /* XMLReader.m in Sources */,
				E9B54AF71A5AC9BC007A20A0 /* settingViewController.m in Sources */,
				E9B54AF41A5AC9BC007A20A0 /* searchTableViewCell.m in Sources */,
				E9B54AEF1A5AC9BC007A20A0 /* homeTableViewCell.m in Sources */,
				E9B54B111A5AD1DA007A20A0 /* SwipeView.m in Sources */,
				E9B54A941A5AC6FF007A20A0 /* main.m in Sources */,
				E9B54AF21A5AC9BC007A20A0 /* rankingTableViewCell.m in Sources */,
			);
			runOnlyForDeploymentPostprocessing = 0;
		};
		E9B54AA31A5AC700007A20A0 /* Sources */ = {
			isa = PBXSourcesBuildPhase;
			buildActionMask = 2147483647;
			files = (
				E9B54AAE1A5AC700007A20A0 /* TabSample2Tests.m in Sources */,
			);
			runOnlyForDeploymentPostprocessing = 0;
		};
/* End PBXSourcesBuildPhase section */

/* Begin PBXTargetDependency section */
		E9B54AA91A5AC700007A20A0 /* PBXTargetDependency */ = {
			isa = PBXTargetDependency;
			target = E9B54A8D1A5AC6FF007A20A0 /* TabSample2 */;
			targetProxy = E9B54AA81A5AC700007A20A0 /* PBXContainerItemProxy */;
		};
/* End PBXTargetDependency section */

/* Begin PBXVariantGroup section */
		E9B54A9B1A5AC6FF007A20A0 /* Main.storyboard */ = {
			isa = PBXVariantGroup;
			children = (
				E9B54A9C1A5AC6FF007A20A0 /* Base */,
			);
			name = Main.storyboard;
			sourceTree = "<group>";
		};
		E9B54AA01A5AC6FF007A20A0 /* LaunchScreen.xib */ = {
			isa = PBXVariantGroup;
			children = (
				E9B54AA11A5AC6FF007A20A0 /* Base */,
			);
			name = LaunchScreen.xib;
			sourceTree = "<group>";
		};
/* End PBXVariantGroup section */

/* Begin XCBuildConfiguration section */
		E9B54AAF1A5AC700007A20A0 /* Debug */ = {
			isa = XCBuildConfiguration;
			buildSettings = {
				ALWAYS_SEARCH_USER_PATHS = NO;
				CLANG_CXX_LANGUAGE_STANDARD = "gnu++0x";
				CLANG_CXX_LIBRARY = "libc++";
				CLANG_ENABLE_MODULES = YES;
				CLANG_ENABLE_OBJC_ARC = YES;
				CLANG_WARN_BOOL_CONVERSION = YES;
				CLANG_WARN_CONSTANT_CONVERSION = YES;
				CLANG_WARN_DIRECT_OBJC_ISA_USAGE = YES_ERROR;
				CLANG_WARN_EMPTY_BODY = YES;
				CLANG_WARN_ENUM_CONVERSION = YES;
				CLANG_WARN_INT_CONVERSION = YES;
				CLANG_WARN_OBJC_ROOT_CLASS = YES_ERROR;
				CLANG_WARN_UNREACHABLE_CODE = YES;
				CLANG_WARN__DUPLICATE_METHOD_MATCH = YES;
				"CODE_SIGN_IDENTITY[sdk=iphoneos*]" = "iPhone Developer";
				COPY_PHASE_STRIP = NO;
				ENABLE_STRICT_OBJC_MSGSEND = YES;
				GCC_C_LANGUAGE_STANDARD = gnu99;
				GCC_DYNAMIC_NO_PIC = NO;
				GCC_OPTIMIZATION_LEVEL = 0;
				GCC_PREPROCESSOR_DEFINITIONS = (
					"DEBUG=1",
					"$(inherited)",
				);
				GCC_SYMBOLS_PRIVATE_EXTERN = NO;
				GCC_WARN_64_TO_32_BIT_CONVERSION = YES;
				GCC_WARN_ABOUT_RETURN_TYPE = YES_ERROR;
				GCC_WARN_UNDECLARED_SELECTOR = YES;
				GCC_WARN_UNINITIALIZED_AUTOS = YES_AGGRESSIVE;
				GCC_WARN_UNUSED_FUNCTION = YES;
				GCC_WARN_UNUSED_VARIABLE = YES;
				IPHONEOS_DEPLOYMENT_TARGET = 8.1;
				MTL_ENABLE_DEBUG_INFO = YES;
				ONLY_ACTIVE_ARCH = YES;
				SDKROOT = iphoneos;
			};
			name = Debug;
		};
		E9B54AB01A5AC700007A20A0 /* Release */ = {
			isa = XCBuildConfiguration;
			buildSettings = {
				ALWAYS_SEARCH_USER_PATHS = NO;
				CLANG_CXX_LANGUAGE_STANDARD = "gnu++0x";
				CLANG_CXX_LIBRARY = "libc++";
				CLANG_ENABLE_MODULES = YES;
				CLANG_ENABLE_OBJC_ARC = YES;
				CLANG_WARN_BOOL_CONVERSION = YES;
				CLANG_WARN_CONSTANT_CONVERSION = YES;
				CLANG_WARN_DIRECT_OBJC_ISA_USAGE = YES_ERROR;
				CLANG_WARN_EMPTY_BODY = YES;
				CLANG_WARN_ENUM_CONVERSION = YES;
				CLANG_WARN_INT_CONVERSION = YES;
				CLANG_WARN_OBJC_ROOT_CLASS = YES_ERROR;
				CLANG_WARN_UNREACHABLE_CODE = YES;
				CLANG_WARN__DUPLICATE_METHOD_MATCH = YES;
				"CODE_SIGN_IDENTITY[sdk=iphoneos*]" = "iPhone Developer";
				COPY_PHASE_STRIP = YES;
				ENABLE_NS_ASSERTIONS = NO;
				ENABLE_STRICT_OBJC_MSGSEND = YES;
				GCC_C_LANGUAGE_STANDARD = gnu99;
				GCC_WARN_64_TO_32_BIT_CONVERSION = YES;
				GCC_WARN_ABOUT_RETURN_TYPE = YES_ERROR;
				GCC_WARN_UNDECLARED_SELECTOR = YES;
				GCC_WARN_UNINITIALIZED_AUTOS = YES_AGGRESSIVE;
				GCC_WARN_UNUSED_FUNCTION = YES;
				GCC_WARN_UNUSED_VARIABLE = YES;
				IPHONEOS_DEPLOYMENT_TARGET = 8.1;
				MTL_ENABLE_DEBUG_INFO = NO;
				SDKROOT = iphoneos;
				VALIDATE_PRODUCT = YES;
			};
			name = Release;
		};
		E9B54AB21A5AC700007A20A0 /* Debug */ = {
			isa = XCBuildConfiguration;
			buildSettings = {
				ASSETCATALOG_COMPILER_APPICON_NAME = AppIcon;
				INFOPLIST_FILE = TabSample2/Info.plist;
				LD_RUNPATH_SEARCH_PATHS = "$(inherited) @executable_path/Frameworks";
				PRODUCT_NAME = "$(TARGET_NAME)";
			};
			name = Debug;
		};
		E9B54AB31A5AC700007A20A0 /* Release */ = {
			isa = XCBuildConfiguration;
			buildSettings = {
				ASSETCATALOG_COMPILER_APPICON_NAME = AppIcon;
				INFOPLIST_FILE = TabSample2/Info.plist;
				LD_RUNPATH_SEARCH_PATHS = "$(inherited) @executable_path/Frameworks";
				PRODUCT_NAME = "$(TARGET_NAME)";
			};
			name = Release;
		};
		E9B54AB51A5AC700007A20A0 /* Debug */ = {
			isa = XCBuildConfiguration;
			buildSettings = {
				BUNDLE_LOADER = "$(TEST_HOST)";
				FRAMEWORK_SEARCH_PATHS = (
					"$(SDKROOT)/Developer/Library/Frameworks",
					"$(inherited)",
				);
				GCC_PREPROCESSOR_DEFINITIONS = (
					"DEBUG=1",
					"$(inherited)",
				);
				INFOPLIST_FILE = TabSample2Tests/Info.plist;
				LD_RUNPATH_SEARCH_PATHS = "$(inherited) @executable_path/Frameworks @loader_path/Frameworks";
				PRODUCT_NAME = "$(TARGET_NAME)";
				TEST_HOST = "$(BUILT_PRODUCTS_DIR)/TabSample2.app/TabSample2";
			};
			name = Debug;
		};
		E9B54AB61A5AC700007A20A0 /* Release */ = {
			isa = XCBuildConfiguration;
			buildSettings = {
				BUNDLE_LOADER = "$(TEST_HOST)";
				FRAMEWORK_SEARCH_PATHS = (
					"$(SDKROOT)/Developer/Library/Frameworks",
					"$(inherited)",
				);
				INFOPLIST_FILE = TabSample2Tests/Info.plist;
				LD_RUNPATH_SEARCH_PATHS = "$(inherited) @executable_path/Frameworks @loader_path/Frameworks";
				PRODUCT_NAME = "$(TARGET_NAME)";
				TEST_HOST = "$(BUILT_PRODUCTS_DIR)/TabSample2.app/TabSample2";
			};
			name = Release;
		};
/* End XCBuildConfiguration section */

/* Begin XCConfigurationList section */
		E9B54A891A5AC6FF007A20A0 /* Build configuration list for PBXProject "TabSample2" */ = {
			isa = XCConfigurationList;
			buildConfigurations = (
				E9B54AAF1A5AC700007A20A0 /* Debug */,
				E9B54AB01A5AC700007A20A0 /* Release */,
			);
			defaultConfigurationIsVisible = 0;
			defaultConfigurationName = Release;
		};
		E9B54AB11A5AC700007A20A0 /* Build configuration list for PBXNativeTarget "TabSample2" */ = {
			isa = XCConfigurationList;
			buildConfigurations = (
				E9B54AB21A5AC700007A20A0 /* Debug */,
				E9B54AB31A5AC700007A20A0 /* Release */,
			);
			defaultConfigurationIsVisible = 0;
		};
		E9B54AB41A5AC700007A20A0 /* Build configuration list for PBXNativeTarget "TabSample2Tests" */ = {
			isa = XCConfigurationList;
			buildConfigurations = (
				E9B54AB51A5AC700007A20A0 /* Debug */,
				E9B54AB61A5AC700007A20A0 /* Release */,
			);
			defaultConfigurationIsVisible = 0;
		};
/* End XCConfigurationList section */
	};
	rootObject = E9B54A861A5AC6FF007A20A0 /* Project object */;
}
